github.com/stackasaur/goforce v0.0.2 h1:7MjW6ugXg92RECxv6Yp3UHZ3C4Av6uFIo+dgcSrOUgE=
github.com/stackasaur/goforce v0.0.2/go.mod h1:1AIlDG9ykBRzLVOZaZuz15tNNcjRZsT+oyqPqDPvg38=
github.com/stackasaur/goforce v0.0.4 h1:Bvn7ed00ZfCgOmhj20VSkCwEMvIOxO2qid6PEK93d1o=
github.com/stackasaur/goforce v0.0.4/go.mod h1:1AIlDG9ykBRzLVOZaZuz15tNNcjRZsT+oyqPqDPvg38=
github.com/stackasaur/goforce v0.0.5 h1:HY23XiMM3YV1K7qmBS7HxIY49zXxT1ynxgrzJi3uz/A=
github.com/stackasaur/goforce v0.0.5/go.mod h1:bWWvo+RhrY/LvnV1aXC+7nZrNPPKzVMWT+QEbbRsFJc=
github.com/stackasaur/goforce v0.0.6 h1:mkU/pGCX997ZivFusjbJju8Uok728bUoE7e8bjesY0k=
github.com/stackasaur/goforce v0.0.6/go.mod h1:bWWvo+RhrY/LvnV1aXC+7nZrNPPKzVMWT+QEbbRsFJc=
github.com/stackasaur/goforce/auth v0.0.1 h1:b5b7chqBn1mpT5Civf0+QBwe2sO7PoWsBle0e4Nhx+g=
github.com/stackasaur/goforce/auth v0.0.1/go.mod h1:79z+j0bNkq15VTMhOw+uwjcukB8tFnhjsaChVAUcP3Y=
github.com/stackasaur/goforce/auth v0.0.5 h1:P5e6uLqWffhZL2kQAYfb7xDIaXXEAH+okxFuuRYn6Sk=
github.com/stackasaur/goforce/auth v0.0.5/go.mod h1:79z+j0bNkq15VTMhOw+uwjcukB8tFnhjsaChVAUcP3Y=
github.com/stackasaur/goforce/auth v0.0.6 h1:bM0RX9yid+0Cm2Ay3mQ8Wz4kkYsWH/7afDFLaM3zZX4=
github.com/stackasaur/goforce/auth v0.0.6/go.mod h1:79z+j0bNkq15VTMhOw+uwjcukB8tFnhjsaChVAUcP3Y=
github.com/stackasaur/goforce/client v0.0.1 h1:QK+C3cL+K/nHpYcj7efY1UgcQEiQyP+4LgazuqGn29c=
github.com/stackasaur/goforce/client v0.0.1/go.mod h1:MgGAy55vSRgh77mW55vg2UKk4LeBPQ2YRsl7cYGUWac=
github.com/stackasaur/goforce/client v0.0.4 h1:aTirhY2VsPbgaKhNkPvKY41m7LNmlmUlFt4z5nlVIO8=
github.com/stackasaur/goforce/client v0.0.4/go.mod h1:8WOAT0TUmuWS5WWRDIY+Bjec3u7n02/TnhNHAM/nh9I=
github.com/stackasaur/goforce/client v0.0.5 h1:jDX0yypn4Yzy1giIxWkY64XvZ7onc7sTs4rhcgLmuAg=
github.com/stackasaur/goforce/client v0.0.5/go.mod h1:8WOAT0TUmuWS5WWRDIY+Bjec3u7n02/TnhNHAM/nh9I=
