github.com/stackasaur/goforce v0.0.5 h1:HY23XiMM3YV1K7qmBS7HxIY49zXxT1ynxgrzJi3uz/A=
github.com/stackasaur/goforce v0.0.5/go.mod h1:bWWvo+RhrY/LvnV1aXC+7nZrNPPKzVMWT+QEbbRsFJc=
github.com/stackasaur/goforce v0.0.9 h1:uhkGnhqXD6+xAmcLhoTwXh7NDoTNPylZbCqiGBhMg7M=
github.com/stackasaur/goforce v0.0.9/go.mod h1:bWWvo+RhrY/LvnV1aXC+7nZrNPPKzVMWT+QEbbRsFJc=
github.com/stackasaur/goforce v0.0.13 h1:+UvzhmsVJN1acdKCvuxESCM727y/FvbNT2szwpHb4d4=
github.com/stackasaur/goforce v0.0.13/go.mod h1:bWWvo+RhrY/LvnV1aXC+7nZrNPPKzVMWT+QEbbRsFJc=
github.com/stackasaur/goforce/auth v0.0.5 h1:P5e6uLqWffhZL2kQAYfb7xDIaXXEAH+okxFuuRYn6Sk=
github.com/stackasaur/goforce/auth v0.0.5/go.mod h1:79z+j0bNkq15VTMhOw+uwjcukB8tFnhjsaChVAUcP3Y=
github.com/stackasaur/goforce/auth v0.0.7 h1:GZsynOGp51KcSm7vGBsfXMDgWz7IRTSnHmk26d9OR5E=
github.com/stackasaur/goforce/auth v0.0.7/go.mod h1:79z+j0bNkq15VTMhOw+uwjcukB8tFnhjsaChVAUcP3Y=
github.com/stackasaur/goforce/client v0.0.6 h1:AHv+XSGl7l+OAG+wMem4Q0vaZ2mMrnkP89adZ/3Rczc=
github.com/stackasaur/goforce/client v0.0.6/go.mod h1:8WOAT0TUmuWS5WWRDIY+Bjec3u7n02/TnhNHAM/nh9I=
github.com/stackasaur/goforce/rest/composite v0.0.1 h1:ysC6OubLOhquDJDZg+V+uY4AsehvXJxm49O36sxKFlE=
github.com/stackasaur/goforce/rest/composite v0.0.1/go.mod h1:KV2h6giXd7Khs8zhsPr0uz/a7RWazZFDOVoppXXlg3w=
github.com/stackasaur/goforce/rest/sobject v0.0.0-20250919164001-f798cff9125b h1:DqjShdQ1L+/wCPgQx+gQ7jCH/+xbGzTbuq0Q/WORatg=
github.com/stackasaur/goforce/rest/sobject v0.0.0-20250919164001-f798cff9125b/go.mod h1:IX9Oclyum66YiDHLm41lpnSWFAPgQnD6OmknBtVAbBA=
